
Microsoft Visual Studio Solution File, Format Version 12.00
# Visual Studio Version 16
VisualStudioVersion = 16.0.29911.84
MinimumVisualStudioVersion = 10.0.40219.1
Project("{9A19103F-16F7-4668-BE54-9A1E7A4F7556}") = "CaribbeanPokerMain", "CaribbeanPokerMain\CaribbeanPokerMain.csproj", "{7E197582-5DEB-4833-9962-617F7839E0D2}"
EndProject
Project("{FAE04EC0-301F-11D3-BF4B-00C04F79EFBC}") = "CaribbeanPoker.Test", "CaribbeanPoker.Test\CaribbeanPoker.Test.csproj", "{2AC753B2-E9E9-4E8D-971C-BB13A5F0F723}"
EndProject
Global
	GlobalSection(SolutionConfigurationPlatforms) = preSolution
		Debug|Any CPU = Debug|Any CPU
		Release|Any CPU = Release|Any CPU
	EndGlobalSection
	GlobalSection(ProjectConfigurationPlatforms) = postSolution
		{7E197582-5DEB-4833-9962-617F7839E0D2}.Debug|Any CPU.ActiveCfg = Debug|Any CPU
		{7E197582-5DEB-4833-9962-617F7839E0D2}.Debug|Any CPU.Build.0 = Debug|Any CPU
		{7E197582-5DEB-4833-9962-617F7839E0D2}.Release|Any CPU.ActiveCfg = Release|Any CPU
		{7E197582-5DEB-4833-9962-617F7839E0D2}.Release|Any CPU.Build.0 = Release|Any CPU
		{2AC753B2-E9E9-4E8D-971C-BB13A5F0F723}.Debug|Any CPU.ActiveCfg = Debug|Any CPU
		{2AC753B2-E9E9-4E8D-971C-BB13A5F0F723}.Debug|Any CPU.Build.0 = Debug|Any CPU
		{2AC753B2-E9E9-4E8D-971C-BB13A5F0F723}.Release|Any CPU.ActiveCfg = Release|Any CPU
		{2AC753B2-E9E9-4E8D-971C-BB13A5F0F723}.Release|Any CPU.Build.0 = Release|Any CPU
	EndGlobalSection
	GlobalSection(SolutionProperties) = preSolution
		HideSolutionNode = FALSE
	EndGlobalSection
	GlobalSection(ExtensibilityGlobals) = postSolution
		SolutionGuid = {FC743A13-CF17-446A-8C2E-A13F7D86E8AC}
	EndGlobalSection
EndGlobal
